
Microsoft Visual Studio Solution File, Format Version 12.00
# Visual Studio Version 17
VisualStudioVersion = 17.4.33110.190
MinimumVisualStudioVersion = 10.0.40219.1
Project("{FAE04EC0-301F-11D3-BF4B-00C04F79EFBC}") = "Taryfikator mandatów", "Taryfikator mandatów\Taryfikator mandatów.csproj", "{4C05D9E5-9848-413F-B6B8-0929C087CAED}"
EndProject
Global
	GlobalSection(SolutionConfigurationPlatforms) = preSolution
		Debug|Any CPU = Debug|Any CPU
		Release|Any CPU = Release|Any CPU
	EndGlobalSection
	GlobalSection(ProjectConfigurationPlatforms) = postSolution
		{4C05D9E5-9848-413F-B6B8-0929C087CAED}.Debug|Any CPU.ActiveCfg = Debug|Any CPU
		{4C05D9E5-9848-413F-B6B8-0929C087CAED}.Debug|Any CPU.Build.0 = Debug|Any CPU
		{4C05D9E5-9848-413F-B6B8-0929C087CAED}.Release|Any CPU.ActiveCfg = Release|Any CPU
		{4C05D9E5-9848-413F-B6B8-0929C087CAED}.Release|Any CPU.Build.0 = Release|Any CPU
	EndGlobalSection
	GlobalSection(SolutionProperties) = preSolution
		HideSolutionNode = FALSE
	EndGlobalSection
	GlobalSection(ExtensibilityGlobals) = postSolution
		SolutionGuid = {2394E8DE-522E-4E95-8B19-B66AD1362901}
	EndGlobalSection
EndGlobal
