
Microsoft Visual Studio Solution File, Format Version 12.00
# Visual Studio Version 17
VisualStudioVersion = 17.4.33110.190
MinimumVisualStudioVersion = 10.0.40219.1
Project("{FAE04EC0-301F-11D3-BF4B-00C04F79EFBC}") = "Wyznaczanie wartości n!", "Wyznaczanie wartości n!\Wyznaczanie wartości n!.csproj", "{AF6770CB-F8D6-4053-A2DD-548844EC6FE3}"
EndProject
Global
	GlobalSection(SolutionConfigurationPlatforms) = preSolution
		Debug|Any CPU = Debug|Any CPU
		Release|Any CPU = Release|Any CPU
	EndGlobalSection
	GlobalSection(ProjectConfigurationPlatforms) = postSolution
		{AF6770CB-F8D6-4053-A2DD-548844EC6FE3}.Debug|Any CPU.ActiveCfg = Debug|Any CPU
		{AF6770CB-F8D6-4053-A2DD-548844EC6FE3}.Debug|Any CPU.Build.0 = Debug|Any CPU
		{AF6770CB-F8D6-4053-A2DD-548844EC6FE3}.Release|Any CPU.ActiveCfg = Release|Any CPU
		{AF6770CB-F8D6-4053-A2DD-548844EC6FE3}.Release|Any CPU.Build.0 = Release|Any CPU
	EndGlobalSection
	GlobalSection(SolutionProperties) = preSolution
		HideSolutionNode = FALSE
	EndGlobalSection
	GlobalSection(ExtensibilityGlobals) = postSolution
		SolutionGuid = {00CD5A06-F092-4536-B7F1-6F30862364AC}
	EndGlobalSection
EndGlobal
