
Microsoft Visual Studio Solution File, Format Version 12.00
# Visual Studio Version 17
VisualStudioVersion = 17.4.33110.190
MinimumVisualStudioVersion = 10.0.40219.1
Project("{FAE04EC0-301F-11D3-BF4B-00C04F79EFBC}") = "Wydawanie reszty", "Wydawanie reszty\Wydawanie reszty.csproj", "{31B0BB4A-1CCB-4563-A782-F4C6EBFF5362}"
EndProject
Global
	GlobalSection(SolutionConfigurationPlatforms) = preSolution
		Debug|Any CPU = Debug|Any CPU
		Release|Any CPU = Release|Any CPU
	EndGlobalSection
	GlobalSection(ProjectConfigurationPlatforms) = postSolution
		{31B0BB4A-1CCB-4563-A782-F4C6EBFF5362}.Debug|Any CPU.ActiveCfg = Debug|Any CPU
		{31B0BB4A-1CCB-4563-A782-F4C6EBFF5362}.Debug|Any CPU.Build.0 = Debug|Any CPU
		{31B0BB4A-1CCB-4563-A782-F4C6EBFF5362}.Release|Any CPU.ActiveCfg = Release|Any CPU
		{31B0BB4A-1CCB-4563-A782-F4C6EBFF5362}.Release|Any CPU.Build.0 = Release|Any CPU
	EndGlobalSection
	GlobalSection(SolutionProperties) = preSolution
		HideSolutionNode = FALSE
	EndGlobalSection
	GlobalSection(ExtensibilityGlobals) = postSolution
		SolutionGuid = {6B2A13A6-B703-40E3-BD72-7DC8F4CA3851}
	EndGlobalSection
EndGlobal
